{
  "requires": true,
  "lockfileVersion": 1,
  "dependencies": {
    "react-confirm-alert": {
      "version": "2.7.0",
      "resolved": "https://registry.npmjs.org/react-confirm-alert/-/react-confirm-alert-2.7.0.tgz",
      "integrity": "sha512-21NWtGK/e85+ZX3TLRpMc3IsU5Kj6Z9ElCOrkTIlwMzV9EancyXNlkqHGbtKP63a2iS6g5hOxROokmJOqKQiXA=="
    }
  }
}
